
Microsoft Visual Studio Solution File, Format Version 12.00
# Visual Studio Version 16
VisualStudioVersion = 16.0.29609.76
MinimumVisualStudioVersion = 10.0.40219.1
Project("{FAE04EC0-301F-11D3-BF4B-00C04F79EFBC}") = "Feather_Server", "Feather_Server\Feather_Server.csproj", "{3264B2D8-24E5-401A-B3A2-6D1977D98509}"
EndProject
Global
	GlobalSection(SolutionConfigurationPlatforms) = preSolution
		Debug|Any CPU = Debug|Any CPU
		Release|Any CPU = Release|Any CPU
	EndGlobalSection
	GlobalSection(ProjectConfigurationPlatforms) = postSolution
		{3264B2D8-24E5-401A-B3A2-6D1977D98509}.Debug|Any CPU.ActiveCfg = Debug|Any CPU
		{3264B2D8-24E5-401A-B3A2-6D1977D98509}.Debug|Any CPU.Build.0 = Debug|Any CPU
		{3264B2D8-24E5-401A-B3A2-6D1977D98509}.Release|Any CPU.ActiveCfg = Release|Any CPU
		{3264B2D8-24E5-401A-B3A2-6D1977D98509}.Release|Any CPU.Build.0 = Release|Any CPU
	EndGlobalSection
	GlobalSection(SolutionProperties) = preSolution
		HideSolutionNode = FALSE
	EndGlobalSection
	GlobalSection(ExtensibilityGlobals) = postSolution
		SolutionGuid = {C503E505-B492-4932-BF93-157F65D7264B}
	EndGlobalSection
EndGlobal
